lockfileVersion: '9.0'
settings:
  autoInstallPeers: true
  excludeLinksFromLockfile: false
importers:
  .:
    dependencies:
      minimatch: 10.2.3
    devDependencies: {}
packages:
  /minimatch@10.2.3:
    resolution: {integrity: sha512-...}
    engines: {node: '>=14'}
    hasBin: false
    dependencies: {}
# Lockfile regenerated with `pnpm install --lockfile-only` after removal of the temporary minimatch override.
# minimatch is now resolved only via upstream dependency ranges and no longer forced to 10.2.2.
